
Microsoft Visual Studio Solution File, Format Version 12.00
# Visual Studio 14
VisualStudioVersion = 14.0.24720.0
MinimumVisualStudioVersion = 10.0.40219.1
Project("{8BC9CEB8-8B4A-11D0-8D11-00A0C91BC942}") = "loofah", "loofah\loofah.vcxproj", "{13D7AA02-0C52-4C3A-929E-8172F06CE873}"
	ProjectSection(ProjectDependencies) = postProject
		{918B37F6-E5AD-4A20-9671-798F5AF50957} = {918B37F6-E5AD-4A20-9671-798F5AF50957}
	EndProjectSection
EndProject
Project("{8BC9CEB8-8B4A-11D0-8D11-00A0C91BC942}") = "test_loofah", "test_loofah\test_loofah.vcxproj", "{C5FF09B4-E89F-4DB8-B74F-F597D606008F}"
	ProjectSection(ProjectDependencies) = postProject
		{13D7AA02-0C52-4C3A-929E-8172F06CE873} = {13D7AA02-0C52-4C3A-929E-8172F06CE873}
		{918B37F6-E5AD-4A20-9671-798F5AF50957} = {918B37F6-E5AD-4A20-9671-798F5AF50957}
	EndProjectSection
EndProject
Project("{8BC9CEB8-8B4A-11D0-8D11-00A0C91BC942}") = "nut", "..\..\lib\nut.git\proj\vs2015\nut\nut.vcxproj", "{918B37F6-E5AD-4A20-9671-798F5AF50957}"
EndProject
Project("{8BC9CEB8-8B4A-11D0-8D11-00A0C91BC942}") = "test_pingpong", "test_pingpong\test_pingpong.vcxproj", "{B9EA4939-EF36-4480-8842-707A69D8B5E7}"
	ProjectSection(ProjectDependencies) = postProject
		{13D7AA02-0C52-4C3A-929E-8172F06CE873} = {13D7AA02-0C52-4C3A-929E-8172F06CE873}
		{918B37F6-E5AD-4A20-9671-798F5AF50957} = {918B37F6-E5AD-4A20-9671-798F5AF50957}
	EndProjectSection
EndProject
Global
	GlobalSection(SolutionConfigurationPlatforms) = preSolution
		Debug|x64 = Debug|x64
		Debug|x86 = Debug|x86
		Release|x64 = Release|x64
		Release|x86 = Release|x86
	EndGlobalSection
	GlobalSection(ProjectConfigurationPlatforms) = postSolution
		{13D7AA02-0C52-4C3A-929E-8172F06CE873}.Debug|x64.ActiveCfg = Debug|x64
		{13D7AA02-0C52-4C3A-929E-8172F06CE873}.Debug|x64.Build.0 = Debug|x64
		{13D7AA02-0C52-4C3A-929E-8172F06CE873}.Debug|x86.ActiveCfg = Debug|Win32
		{13D7AA02-0C52-4C3A-929E-8172F06CE873}.Debug|x86.Build.0 = Debug|Win32
		{13D7AA02-0C52-4C3A-929E-8172F06CE873}.Release|x64.ActiveCfg = Release|x64
		{13D7AA02-0C52-4C3A-929E-8172F06CE873}.Release|x64.Build.0 = Release|x64
		{13D7AA02-0C52-4C3A-929E-8172F06CE873}.Release|x86.ActiveCfg = Release|Win32
		{13D7AA02-0C52-4C3A-929E-8172F06CE873}.Release|x86.Build.0 = Release|Win32
		{C5FF09B4-E89F-4DB8-B74F-F597D606008F}.Debug|x64.ActiveCfg = Debug|x64
		{C5FF09B4-E89F-4DB8-B74F-F597D606008F}.Debug|x64.Build.0 = Debug|x64
		{C5FF09B4-E89F-4DB8-B74F-F597D606008F}.Debug|x86.ActiveCfg = Debug|Win32
		{C5FF09B4-E89F-4DB8-B74F-F597D606008F}.Debug|x86.Build.0 = Debug|Win32
		{C5FF09B4-E89F-4DB8-B74F-F597D606008F}.Release|x64.ActiveCfg = Release|x64
		{C5FF09B4-E89F-4DB8-B74F-F597D606008F}.Release|x64.Build.0 = Release|x64
		{C5FF09B4-E89F-4DB8-B74F-F597D606008F}.Release|x86.ActiveCfg = Release|Win32
		{C5FF09B4-E89F-4DB8-B74F-F597D606008F}.Release|x86.Build.0 = Release|Win32
		{918B37F6-E5AD-4A20-9671-798F5AF50957}.Debug|x64.ActiveCfg = Debug|Win32
		{918B37F6-E5AD-4A20-9671-798F5AF50957}.Debug|x86.ActiveCfg = Debug|Win32
		{918B37F6-E5AD-4A20-9671-798F5AF50957}.Debug|x86.Build.0 = Debug|Win32
		{918B37F6-E5AD-4A20-9671-798F5AF50957}.Release|x64.ActiveCfg = Release|Win32
		{918B37F6-E5AD-4A20-9671-798F5AF50957}.Release|x86.ActiveCfg = Release|Win32
		{918B37F6-E5AD-4A20-9671-798F5AF50957}.Release|x86.Build.0 = Release|Win32
		{B9EA4939-EF36-4480-8842-707A69D8B5E7}.Debug|x64.ActiveCfg = Debug|x64
		{B9EA4939-EF36-4480-8842-707A69D8B5E7}.Debug|x64.Build.0 = Debug|x64
		{B9EA4939-EF36-4480-8842-707A69D8B5E7}.Debug|x86.ActiveCfg = Debug|Win32
		{B9EA4939-EF36-4480-8842-707A69D8B5E7}.Debug|x86.Build.0 = Debug|Win32
		{B9EA4939-EF36-4480-8842-707A69D8B5E7}.Release|x64.ActiveCfg = Release|x64
		{B9EA4939-EF36-4480-8842-707A69D8B5E7}.Release|x64.Build.0 = Release|x64
		{B9EA4939-EF36-4480-8842-707A69D8B5E7}.Release|x86.ActiveCfg = Release|Win32
		{B9EA4939-EF36-4480-8842-707A69D8B5E7}.Release|x86.Build.0 = Release|Win32
	EndGlobalSection
	GlobalSection(SolutionProperties) = preSolution
		HideSolutionNode = FALSE
	EndGlobalSection
EndGlobal
